// !$*UTF8*$!
{
	archiveVersion = 1;
	classes = {
	};
	objectVersion = 46;
	objects = {

/* Begin PBXBuildFile section */
		0D37D0CB061ADE27C66A498A /* libPods-PTThirdPlatformKit_Example.a in Frameworks */ = {isa = PBXBuildFile; fileRef = 6D52ED791870C86211EFDBA9 /* libPods-PTThirdPlatformKit_Example.a */; };
		6003F58E195388D20070C39A /* Foundation.framework in Frameworks */ = {isa = PBXBuildFile; fileRef = 6003F58D195388D20070C39A /* Foundation.framework */; };
		6003F590195388D20070C39A /* CoreGraphics.framework in Frameworks */ = {isa = PBXBuildFile; fileRef = 6003F58F195388D20070C39A /* CoreGraphics.framework */; };
		6003F592195388D20070C39A /* UIKit.framework in Frameworks */ = {isa = PBXBuildFile; fileRef = 6003F591195388D20070C39A /* UIKit.framework */; };
		6003F598195388D20070C39A /* InfoPlist.strings in Resources */ = {isa = PBXBuildFile; fileRef = 6003F596195388D20070C39A /* InfoPlist.strings */; };
		6003F59A195388D20070C39A /* main.m in Sources */ = {isa = PBXBuildFile; fileRef = 6003F599195388D20070C39A /* main.m */; };
		6003F59E195388D20070C39A /* PTAppDelegate.m in Sources */ = {isa = PBXBuildFile; fileRef = 6003F59D195388D20070C39A /* PTAppDelegate.m */; };
		6003F5A7195388D20070C39A /* PTViewController.m in Sources */ = {isa = PBXBuildFile; fileRef = 6003F5A6195388D20070C39A /* PTViewController.m */; };
		6003F5A9195388D20070C39A /* Images.xcassets in Resources */ = {isa = PBXBuildFile; fileRef = 6003F5A8195388D20070C39A /* Images.xcassets */; };
		6003F5B0195388D20070C39A /* XCTest.framework in Frameworks */ = {isa = PBXBuildFile; fileRef = 6003F5AF195388D20070C39A /* XCTest.framework */; };
		6003F5B1195388D20070C39A /* Foundation.framework in Frameworks */ = {isa = PBXBuildFile; fileRef = 6003F58D195388D20070C39A /* Foundation.framework */; };
		6003F5B2195388D20070C39A /* UIKit.framework in Frameworks */ = {isa = PBXBuildFile; fileRef = 6003F591195388D20070C39A /* UIKit.framework */; };
		6003F5BA195388D20070C39A /* InfoPlist.strings in Resources */ = {isa = PBXBuildFile; fileRef = 6003F5B8195388D20070C39A /* InfoPlist.strings */; };
		6003F5BC195388D20070C39A /* Tests.m in Sources */ = {isa = PBXBuildFile; fileRef = 6003F5BB195388D20070C39A /* Tests.m */; };
		71719F9F1E33DC2100824A3D /* LaunchScreen.storyboard in Resources */ = {isa = PBXBuildFile; fileRef = 71719F9D1E33DC2100824A3D /* LaunchScreen.storyboard */; };
		873B8AEB1B1F5CCA007FD442 /* Main.storyboard in Resources */ = {isa = PBXBuildFile; fileRef = 873B8AEA1B1F5CCA007FD442 /* Main.storyboard */; };
		9C5E24EF1FC295EE0009BC14 /* DTShareKit.framework in Frameworks */ = {isa = PBXBuildFile; fileRef = 9C5E24EE1FC295EE0009BC14 /* DTShareKit.framework */; };
		9C5E24F21FC2960B0009BC14 /* PTDingTalkManager.m in Sources */ = {isa = PBXBuildFile; fileRef = 9C5E24F11FC2960B0009BC14 /* PTDingTalkManager.m */; };
		9C5E24F51FC2963C0009BC14 /* PTDingTalkRequestHandler.m in Sources */ = {isa = PBXBuildFile; fileRef = 9C5E24F41FC2963C0009BC14 /* PTDingTalkRequestHandler.m */; };
		9C5E24F81FC296590009BC14 /* PTDingTalkRespManager.m in Sources */ = {isa = PBXBuildFile; fileRef = 9C5E24F71FC296590009BC14 /* PTDingTalkRespManager.m */; };
		9C5E24F91FC2965D0009BC14 /* PTDingTalkRespManager.m in Sources */ = {isa = PBXBuildFile; fileRef = 9C5E24F71FC296590009BC14 /* PTDingTalkRespManager.m */; };
		9C5E24FA1FC2965F0009BC14 /* PTDingTalkManager.m in Sources */ = {isa = PBXBuildFile; fileRef = 9C5E24F11FC2960B0009BC14 /* PTDingTalkManager.m */; };
		9C5E24FB1FC296610009BC14 /* PTDingTalkRequestHandler.m in Sources */ = {isa = PBXBuildFile; fileRef = 9C5E24F41FC2963C0009BC14 /* PTDingTalkRequestHandler.m */; };
		9C5E259C1FC302390009BC14 /* DTShareKit.framework in Frameworks */ = {isa = PBXBuildFile; fileRef = 9C5E24EE1FC295EE0009BC14 /* DTShareKit.framework */; };
		9C9B1FB31FC18EC4002412D9 /* PTAppDelegate.m in Sources */ = {isa = PBXBuildFile; fileRef = 6003F59D195388D20070C39A /* PTAppDelegate.m */; };
		9C9B1FB41FC18EC4002412D9 /* PTViewController.m in Sources */ = {isa = PBXBuildFile; fileRef = 6003F5A6195388D20070C39A /* PTViewController.m */; };
		9C9B1FB51FC18EC4002412D9 /* main.m in Sources */ = {isa = PBXBuildFile; fileRef = 6003F599195388D20070C39A /* main.m */; };
		9C9B1FB71FC18EC4002412D9 /* CoreGraphics.framework in Frameworks */ = {isa = PBXBuildFile; fileRef = 6003F58F195388D20070C39A /* CoreGraphics.framework */; };
		9C9B1FB81FC18EC4002412D9 /* UIKit.framework in Frameworks */ = {isa = PBXBuildFile; fileRef = 6003F591195388D20070C39A /* UIKit.framework */; };
		9C9B1FB91FC18EC4002412D9 /* Foundation.framework in Frameworks */ = {isa = PBXBuildFile; fileRef = 6003F58D195388D20070C39A /* Foundation.framework */; };
		9C9B1FBC1FC18EC4002412D9 /* Main.storyboard in Resources */ = {isa = PBXBuildFile; fileRef = 873B8AEA1B1F5CCA007FD442 /* Main.storyboard */; };
		9C9B1FBD1FC18EC4002412D9 /* LaunchScreen.storyboard in Resources */ = {isa = PBXBuildFile; fileRef = 71719F9D1E33DC2100824A3D /* LaunchScreen.storyboard */; };
		9C9B1FBE1FC18EC4002412D9 /* Images.xcassets in Resources */ = {isa = PBXBuildFile; fileRef = 6003F5A8195388D20070C39A /* Images.xcassets */; };
		9C9B1FBF1FC18EC4002412D9 /* InfoPlist.strings in Resources */ = {isa = PBXBuildFile; fileRef = 6003F596195388D20070C39A /* InfoPlist.strings */; };
		9C9B1FC91FC190C6002412D9 /* PTThirdPlatformKit_Developer-Info.plist in Resources */ = {isa = PBXBuildFile; fileRef = 9C9B1FC81FC190C6002412D9 /* PTThirdPlatformKit_Developer-Info.plist */; };
		AC334C9EC03E84F6B0A6E390 /* libPods-PTThirdPlatformKit_Example-PTThirdPlatformKit_Example_Developer.a in Frameworks */ = {isa = PBXBuildFile; fileRef = 87CD4A2E86D0BE63AFAF942E /* libPods-PTThirdPlatformKit_Example-PTThirdPlatformKit_Example_Developer.a */; };
		AD353EFB52B89F511B4C929B /* libPods-PTThirdPlatformKit_Example_Developer.a in Frameworks */ = {isa = PBXBuildFile; fileRef = 831EB09DF8B71ACFF4BC0FFD /* libPods-PTThirdPlatformKit_Example_Developer.a */; };
		E59DC665DC58AD9A8AF66558 /* libPods-PTThirdPlatformKit_Example.a in Frameworks */ = {isa = PBXBuildFile; fileRef = 6D52ED791870C86211EFDBA9 /* libPods-PTThirdPlatformKit_Example.a */; };
/* End PBXBuildFile section */

/* Begin PBXContainerItemProxy section */
		6003F5B3195388D20070C39A /* PBXContainerItemProxy */ = {
			isa = PBXContainerItemProxy;
			containerPortal = 6003F582195388D10070C39A /* Project object */;
			proxyType = 1;
			remoteGlobalIDString = 6003F589195388D20070C39A;
			remoteInfo = PTThirdPlatformKit;
		};
/* End PBXContainerItemProxy section */

/* Begin PBXFileReference section */
		0D6D121BFA0894831C818AB5 /* Pods-PTThirdPlatformKit_Example-PTThirdPlatformKit_Example_Developer.release.xcconfig */ = {isa = PBXFileReference; includeInIndex = 1; lastKnownFileType = text.xcconfig; name = "Pods-PTThirdPlatformKit_Example-PTThirdPlatformKit_Example_Developer.release.xcconfig"; path = "Pods/Target Support Files/Pods-PTThirdPlatformKit_Example-PTThirdPlatformKit_Example_Developer/Pods-PTThirdPlatformKit_Example-PTThirdPlatformKit_Example_Developer.release.xcconfig"; sourceTree = "<group>"; };
		6003F58A195388D20070C39A /* PTThirdPlatformKit_Example.app */ = {isa = PBXFileReference; explicitFileType = wrapper.application; includeInIndex = 0; path = PTThirdPlatformKit_Example.app; sourceTree = BUILT_PRODUCTS_DIR; };
		6003F58D195388D20070C39A /* Foundation.framework */ = {isa = PBXFileReference; lastKnownFileType = wrapper.framework; name = Foundation.framework; path = System/Library/Frameworks/Foundation.framework; sourceTree = SDKROOT; };
		6003F58F195388D20070C39A /* CoreGraphics.framework */ = {isa = PBXFileReference; lastKnownFileType = wrapper.framework; name = CoreGraphics.framework; path = System/Library/Frameworks/CoreGraphics.framework; sourceTree = SDKROOT; };
		6003F591195388D20070C39A /* UIKit.framework */ = {isa = PBXFileReference; lastKnownFileType = wrapper.framework; name = UIKit.framework; path = System/Library/Frameworks/UIKit.framework; sourceTree = SDKROOT; };
		6003F595195388D20070C39A /* PTThirdPlatformKit-Info.plist */ = {isa = PBXFileReference; lastKnownFileType = text.plist.xml; path = "PTThirdPlatformKit-Info.plist"; sourceTree = "<group>"; };
		6003F597195388D20070C39A /* en */ = {isa = PBXFileReference; lastKnownFileType = text.plist.strings; name = en; path = en.lproj/InfoPlist.strings; sourceTree = "<group>"; };
		6003F599195388D20070C39A /* main.m */ = {isa = PBXFileReference; lastKnownFileType = sourcecode.c.objc; path = main.m; sourceTree = "<group>"; };
		6003F59B195388D20070C39A /* PTThirdPlatformKit-Prefix.pch */ = {isa = PBXFileReference; lastKnownFileType = sourcecode.c.h; path = "PTThirdPlatformKit-Prefix.pch"; sourceTree = "<group>"; };
		6003F59C195388D20070C39A /* PTAppDelegate.h */ = {isa = PBXFileReference; lastKnownFileType = sourcecode.c.h; path = PTAppDelegate.h; sourceTree = "<group>"; };
		6003F59D195388D20070C39A /* PTAppDelegate.m */ = {isa = PBXFileReference; lastKnownFileType = sourcecode.c.objc; path = PTAppDelegate.m; sourceTree = "<group>"; };
		6003F5A5195388D20070C39A /* PTViewController.h */ = {isa = PBXFileReference; lastKnownFileType = sourcecode.c.h; path = PTViewController.h; sourceTree = "<group>"; };
		6003F5A6195388D20070C39A /* PTViewController.m */ = {isa = PBXFileReference; lastKnownFileType = sourcecode.c.objc; path = PTViewController.m; sourceTree = "<group>"; };
		6003F5A8195388D20070C39A /* Images.xcassets */ = {isa = PBXFileReference; lastKnownFileType = folder.assetcatalog; path = Images.xcassets; sourceTree = "<group>"; };
		6003F5AE195388D20070C39A /* PTThirdPlatformKit_Tests.xctest */ = {isa = PBXFileReference; explicitFileType = wrapper.cfbundle; includeInIndex = 0; path = PTThirdPlatformKit_Tests.xctest; sourceTree = BUILT_PRODUCTS_DIR; };
		6003F5AF195388D20070C39A /* XCTest.framework */ = {isa = PBXFileReference; lastKnownFileType = wrapper.framework; name = XCTest.framework; path = Library/Frameworks/XCTest.framework; sourceTree = DEVELOPER_DIR; };
		6003F5B7195388D20070C39A /* Tests-Info.plist */ = {isa = PBXFileReference; lastKnownFileType = text.plist.xml; path = "Tests-Info.plist"; sourceTree = "<group>"; };
		6003F5B9195388D20070C39A /* en */ = {isa = PBXFileReference; lastKnownFileType = text.plist.strings; name = en; path = en.lproj/InfoPlist.strings; sourceTree = "<group>"; };
		6003F5BB195388D20070C39A /* Tests.m */ = {isa = PBXFileReference; lastKnownFileType = sourcecode.c.objc; path = Tests.m; sourceTree = "<group>"; };
		606FC2411953D9B200FFA9A0 /* Tests-Prefix.pch */ = {isa = PBXFileReference; lastKnownFileType = sourcecode.c.h; path = "Tests-Prefix.pch"; sourceTree = "<group>"; };
		62B78A0255A2CEFFA5E31898 /* PTThirdPlatformKit.podspec */ = {isa = PBXFileReference; includeInIndex = 1; lastKnownFileType = text; name = PTThirdPlatformKit.podspec; path = ../PTThirdPlatformKit.podspec; sourceTree = "<group>"; };
		6D52ED791870C86211EFDBA9 /* libPods-PTThirdPlatformKit_Example.a */ = {isa = PBXFileReference; explicitFileType = archive.ar; includeInIndex = 0; path = "libPods-PTThirdPlatformKit_Example.a"; sourceTree = BUILT_PRODUCTS_DIR; };
		71719F9E1E33DC2100824A3D /* Base */ = {isa = PBXFileReference; lastKnownFileType = file.storyboard; name = Base; path = Base.lproj/LaunchScreen.storyboard; sourceTree = "<group>"; };
		768CE9CE532EB4C65EB62F86 /* README.md */ = {isa = PBXFileReference; includeInIndex = 1; lastKnownFileType = net.daringfireball.markdown; name = README.md; path = ../README.md; sourceTree = "<group>"; };
		76D19AB998D44E7997B655EC /* Pods-PTThirdPlatformKit_Example_Developer.debug.xcconfig */ = {isa = PBXFileReference; includeInIndex = 1; lastKnownFileType = text.xcconfig; name = "Pods-PTThirdPlatformKit_Example_Developer.debug.xcconfig"; path = "Pods/Target Support Files/Pods-PTThirdPlatformKit_Example_Developer/Pods-PTThirdPlatformKit_Example_Developer.debug.xcconfig"; sourceTree = "<group>"; };
		831EB09DF8B71ACFF4BC0FFD /* libPods-PTThirdPlatformKit_Example_Developer.a */ = {isa = PBXFileReference; explicitFileType = archive.ar; includeInIndex = 0; path = "libPods-PTThirdPlatformKit_Example_Developer.a"; sourceTree = BUILT_PRODUCTS_DIR; };
		86E836E86F8839C9BFD3F363 /* LICENSE */ = {isa = PBXFileReference; includeInIndex = 1; lastKnownFileType = text; name = LICENSE; path = ../LICENSE; sourceTree = "<group>"; };
		873B8AEA1B1F5CCA007FD442 /* Main.storyboard */ = {isa = PBXFileReference; fileEncoding = 4; lastKnownFileType = file.storyboard; name = Main.storyboard; path = Base.lproj/Main.storyboard; sourceTree = "<group>"; };
		87CD4A2E86D0BE63AFAF942E /* libPods-PTThirdPlatformKit_Example-PTThirdPlatformKit_Example_Developer.a */ = {isa = PBXFileReference; explicitFileType = archive.ar; includeInIndex = 0; path = "libPods-PTThirdPlatformKit_Example-PTThirdPlatformKit_Example_Developer.a"; sourceTree = BUILT_PRODUCTS_DIR; };
		9A42F65DDA97468473D692C3 /* Pods-PTThirdPlatformKit_Example-PTThirdPlatformKit_Example_Developer.debug.xcconfig */ = {isa = PBXFileReference; includeInIndex = 1; lastKnownFileType = text.xcconfig; name = "Pods-PTThirdPlatformKit_Example-PTThirdPlatformKit_Example_Developer.debug.xcconfig"; path = "Pods/Target Support Files/Pods-PTThirdPlatformKit_Example-PTThirdPlatformKit_Example_Developer/Pods-PTThirdPlatformKit_Example-PTThirdPlatformKit_Example_Developer.debug.xcconfig"; sourceTree = "<group>"; };
		9A5A10279B30A25991187B2F /* Pods-PTThirdPlatformKit_Example.release.xcconfig */ = {isa = PBXFileReference; includeInIndex = 1; lastKnownFileType = text.xcconfig; name = "Pods-PTThirdPlatformKit_Example.release.xcconfig"; path = "Pods/Target Support Files/Pods-PTThirdPlatformKit_Example/Pods-PTThirdPlatformKit_Example.release.xcconfig"; sourceTree = "<group>"; };
		9C5E24EE1FC295EE0009BC14 /* DTShareKit.framework */ = {isa = PBXFileReference; lastKnownFileType = wrapper.framework; path = DTShareKit.framework; sourceTree = "<group>"; };
		9C5E24F01FC2960B0009BC14 /* PTDingTalkManager.h */ = {isa = PBXFileReference; fileEncoding = 4; lastKnownFileType = sourcecode.c.h; path = PTDingTalkManager.h; sourceTree = "<group>"; };
		9C5E24F11FC2960B0009BC14 /* PTDingTalkManager.m */ = {isa = PBXFileReference; fileEncoding = 4; lastKnownFileType = sourcecode.c.objc; path = PTDingTalkManager.m; sourceTree = "<group>"; };
		9C5E24F31FC2963C0009BC14 /* PTDingTalkRequestHandler.h */ = {isa = PBXFileReference; fileEncoding = 4; lastKnownFileType = sourcecode.c.h; path = PTDingTalkRequestHandler.h; sourceTree = "<group>"; };
		9C5E24F41FC2963C0009BC14 /* PTDingTalkRequestHandler.m */ = {isa = PBXFileReference; fileEncoding = 4; lastKnownFileType = sourcecode.c.objc; path = PTDingTalkRequestHandler.m; sourceTree = "<group>"; };
		9C5E24F61FC296590009BC14 /* PTDingTalkRespManager.h */ = {isa = PBXFileReference; fileEncoding = 4; lastKnownFileType = sourcecode.c.h; path = PTDingTalkRespManager.h; sourceTree = "<group>"; };
		9C5E24F71FC296590009BC14 /* PTDingTalkRespManager.m */ = {isa = PBXFileReference; fileEncoding = 4; lastKnownFileType = sourcecode.c.objc; path = PTDingTalkRespManager.m; sourceTree = "<group>"; };
		9C7285FF1FB9A7FC008D27A5 /* PTConstants.h */ = {isa = PBXFileReference; fileEncoding = 4; lastKnownFileType = sourcecode.c.h; path = PTConstants.h; sourceTree = "<group>"; };
		9C9B1FC51FC18EC4002412D9 /* PTThirdPlatformKit_Example_Developer.app */ = {isa = PBXFileReference; explicitFileType = wrapper.application; includeInIndex = 0; path = PTThirdPlatformKit_Example_Developer.app; sourceTree = BUILT_PRODUCTS_DIR; };
		9C9B1FC71FC19039002412D9 /* PTConstants_Developer.h */ = {isa = PBXFileReference; fileEncoding = 4; lastKnownFileType = sourcecode.c.h; path = PTConstants_Developer.h; sourceTree = "<group>"; };
		9C9B1FC81FC190C6002412D9 /* PTThirdPlatformKit_Developer-Info.plist */ = {isa = PBXFileReference; fileEncoding = 4; lastKnownFileType = text.plist.xml; path = "PTThirdPlatformKit_Developer-Info.plist"; sourceTree = "<group>"; };
		CDF5EC14B3EB27858D9818D4 /* Pods-PTThirdPlatformKit_Example.debug.xcconfig */ = {isa = PBXFileReference; includeInIndex = 1; lastKnownFileType = text.xcconfig; name = "Pods-PTThirdPlatformKit_Example.debug.xcconfig"; path = "Pods/Target Support Files/Pods-PTThirdPlatformKit_Example/Pods-PTThirdPlatformKit_Example.debug.xcconfig"; sourceTree = "<group>"; };
		EEADE74070FD2397E6B0FEC8 /* Pods-PTThirdPlatformKit_Example_Developer.release.xcconfig */ = {isa = PBXFileReference; includeInIndex = 1; lastKnownFileType = text.xcconfig; name = "Pods-PTThirdPlatformKit_Example_Developer.release.xcconfig"; path = "Pods/Target Support Files/Pods-PTThirdPlatformKit_Example_Developer/Pods-PTThirdPlatformKit_Example_Developer.release.xcconfig"; sourceTree = "<group>"; };
		F45B4F44DE988F8C1137B1AC /* libPods-PTThirdPlatformKit_Tests.a */ = {isa = PBXFileReference; explicitFileType = archive.ar; includeInIndex = 0; path = "libPods-PTThirdPlatformKit_Tests.a"; sourceTree = BUILT_PRODUCTS_DIR; };
/* End PBXFileReference section */

/* Begin PBXFrameworksBuildPhase section */
		6003F587195388D20070C39A /* Frameworks */ = {
			isa = PBXFrameworksBuildPhase;
			buildActionMask = 2147483647;
			files = (
				6003F590195388D20070C39A /* CoreGraphics.framework in Frameworks */,
				6003F592195388D20070C39A /* UIKit.framework in Frameworks */,
				6003F58E195388D20070C39A /* Foundation.framework in Frameworks */,
				E59DC665DC58AD9A8AF66558 /* libPods-PTThirdPlatformKit_Example.a in Frameworks */,
				0D37D0CB061ADE27C66A498A /* libPods-PTThirdPlatformKit_Example.a in Frameworks */,
				9C5E24EF1FC295EE0009BC14 /* DTShareKit.framework in Frameworks */,
			);
			runOnlyForDeploymentPostprocessing = 0;
		};
		6003F5AB195388D20070C39A /* Frameworks */ = {
			isa = PBXFrameworksBuildPhase;
			buildActionMask = 2147483647;
			files = (
				6003F5B0195388D20070C39A /* XCTest.framework in Frameworks */,
				6003F5B2195388D20070C39A /* UIKit.framework in Frameworks */,
				6003F5B1195388D20070C39A /* Foundation.framework in Frameworks */,
			);
			runOnlyForDeploymentPostprocessing = 0;
		};
		9C9B1FB61FC18EC4002412D9 /* Frameworks */ = {
			isa = PBXFrameworksBuildPhase;
			buildActionMask = 2147483647;
			files = (
				9C9B1FB71FC18EC4002412D9 /* CoreGraphics.framework in Frameworks */,
				9C9B1FB81FC18EC4002412D9 /* UIKit.framework in Frameworks */,
				9C9B1FB91FC18EC4002412D9 /* Foundation.framework in Frameworks */,
				AD353EFB52B89F511B4C929B /* libPods-PTThirdPlatformKit_Example_Developer.a in Frameworks */,
				AC334C9EC03E84F6B0A6E390 /* libPods-PTThirdPlatformKit_Example-PTThirdPlatformKit_Example_Developer.a in Frameworks */,
				9C5E259C1FC302390009BC14 /* DTShareKit.framework in Frameworks */,
			);
			runOnlyForDeploymentPostprocessing = 0;
		};
/* End PBXFrameworksBuildPhase section */

/* Begin PBXGroup section */
		46D4CCED5E473B2A62222211 /* Pods */ = {
			isa = PBXGroup;
			children = (
				CDF5EC14B3EB27858D9818D4 /* Pods-PTThirdPlatformKit_Example.debug.xcconfig */,
				9A5A10279B30A25991187B2F /* Pods-PTThirdPlatformKit_Example.release.xcconfig */,
				76D19AB998D44E7997B655EC /* Pods-PTThirdPlatformKit_Example_Developer.debug.xcconfig */,
				EEADE74070FD2397E6B0FEC8 /* Pods-PTThirdPlatformKit_Example_Developer.release.xcconfig */,
				9A42F65DDA97468473D692C3 /* Pods-PTThirdPlatformKit_Example-PTThirdPlatformKit_Example_Developer.debug.xcconfig */,
				0D6D121BFA0894831C818AB5 /* Pods-PTThirdPlatformKit_Example-PTThirdPlatformKit_Example_Developer.release.xcconfig */,
			);
			name = Pods;
			sourceTree = "<group>";
		};
		6003F581195388D10070C39A = {
			isa = PBXGroup;
			children = (
				60FF7A9C1954A5C5007DD14C /* Podspec Metadata */,
				6003F593195388D20070C39A /* Example for PTThirdPlatformKit */,
				6003F5B5195388D20070C39A /* Tests */,
				6003F58C195388D20070C39A /* Frameworks */,
				6003F58B195388D20070C39A /* Products */,
				46D4CCED5E473B2A62222211 /* Pods */,
			);
			sourceTree = "<group>";
		};
		6003F58B195388D20070C39A /* Products */ = {
			isa = PBXGroup;
			children = (
				6003F58A195388D20070C39A /* PTThirdPlatformKit_Example.app */,
				6003F5AE195388D20070C39A /* PTThirdPlatformKit_Tests.xctest */,
				9C9B1FC51FC18EC4002412D9 /* PTThirdPlatformKit_Example_Developer.app */,
			);
			name = Products;
			sourceTree = "<group>";
		};
		6003F58C195388D20070C39A /* Frameworks */ = {
			isa = PBXGroup;
			children = (
				6003F58D195388D20070C39A /* Foundation.framework */,
				6003F58F195388D20070C39A /* CoreGraphics.framework */,
				6003F591195388D20070C39A /* UIKit.framework */,
				6003F5AF195388D20070C39A /* XCTest.framework */,
				6D52ED791870C86211EFDBA9 /* libPods-PTThirdPlatformKit_Example.a */,
				F45B4F44DE988F8C1137B1AC /* libPods-PTThirdPlatformKit_Tests.a */,
				831EB09DF8B71ACFF4BC0FFD /* libPods-PTThirdPlatformKit_Example_Developer.a */,
				87CD4A2E86D0BE63AFAF942E /* libPods-PTThirdPlatformKit_Example-PTThirdPlatformKit_Example_Developer.a */,
			);
			name = Frameworks;
			sourceTree = "<group>";
		};
		6003F593195388D20070C39A /* Example for PTThirdPlatformKit */ = {
			isa = PBXGroup;
			children = (
				9C5E24EC1FC295B20009BC14 /* CustomInjectPlatform */,
				9C9B1FC71FC19039002412D9 /* PTConstants_Developer.h */,
				9C7285FF1FB9A7FC008D27A5 /* PTConstants.h */,
				6003F59C195388D20070C39A /* PTAppDelegate.h */,
				6003F59D195388D20070C39A /* PTAppDelegate.m */,
				873B8AEA1B1F5CCA007FD442 /* Main.storyboard */,
				6003F5A5195388D20070C39A /* PTViewController.h */,
				6003F5A6195388D20070C39A /* PTViewController.m */,
				71719F9D1E33DC2100824A3D /* LaunchScreen.storyboard */,
				6003F5A8195388D20070C39A /* Images.xcassets */,
				6003F594195388D20070C39A /* Supporting Files */,
			);
			name = "Example for PTThirdPlatformKit";
			path = PTThirdPlatformKit;
			sourceTree = "<group>";
		};
		6003F594195388D20070C39A /* Supporting Files */ = {
			isa = PBXGroup;
			children = (
				9C9B1FC81FC190C6002412D9 /* PTThirdPlatformKit_Developer-Info.plist */,
				6003F595195388D20070C39A /* PTThirdPlatformKit-Info.plist */,
				6003F596195388D20070C39A /* InfoPlist.strings */,
				6003F599195388D20070C39A /* main.m */,
				6003F59B195388D20070C39A /* PTThirdPlatformKit-Prefix.pch */,
			);
			name = "Supporting Files";
			sourceTree = "<group>";
		};
		6003F5B5195388D20070C39A /* Tests */ = {
			isa = PBXGroup;
			children = (
				6003F5BB195388D20070C39A /* Tests.m */,
				6003F5B6195388D20070C39A /* Supporting Files */,
			);
			path = Tests;
			sourceTree = "<group>";
		};
		6003F5B6195388D20070C39A /* Supporting Files */ = {
			isa = PBXGroup;
			children = (
				6003F5B7195388D20070C39A /* Tests-Info.plist */,
				6003F5B8195388D20070C39A /* InfoPlist.strings */,
				606FC2411953D9B200FFA9A0 /* Tests-Prefix.pch */,
			);
			name = "Supporting Files";
			sourceTree = "<group>";
		};
		60FF7A9C1954A5C5007DD14C /* Podspec Metadata */ = {
			isa = PBXGroup;
			children = (
				62B78A0255A2CEFFA5E31898 /* PTThirdPlatformKit.podspec */,
				768CE9CE532EB4C65EB62F86 /* README.md */,
				86E836E86F8839C9BFD3F363 /* LICENSE */,
			);
			name = "Podspec Metadata";
			sourceTree = "<group>";
		};
		9C5E24EC1FC295B20009BC14 /* CustomInjectPlatform */ = {
			isa = PBXGroup;
			children = (
				9C5E24ED1FC295EE0009BC14 /* DingTalk */,
			);
			path = CustomInjectPlatform;
			sourceTree = "<group>";
		};
		9C5E24ED1FC295EE0009BC14 /* DingTalk */ = {
			isa = PBXGroup;
			children = (
				9C5E24EE1FC295EE0009BC14 /* DTShareKit.framework */,
				9C5E24F31FC2963C0009BC14 /* PTDingTalkRequestHandler.h */,
				9C5E24F41FC2963C0009BC14 /* PTDingTalkRequestHandler.m */,
				9C5E24F01FC2960B0009BC14 /* PTDingTalkManager.h */,
				9C5E24F11FC2960B0009BC14 /* PTDingTalkManager.m */,
				9C5E24F61FC296590009BC14 /* PTDingTalkRespManager.h */,
				9C5E24F71FC296590009BC14 /* PTDingTalkRespManager.m */,
			);
			path = DingTalk;
			sourceTree = "<group>";
		};
/* End PBXGroup section */

/* Begin PBXNativeTarget section */
		6003F589195388D20070C39A /* PTThirdPlatformKit_Example */ = {
			isa = PBXNativeTarget;
			buildConfigurationList = 6003F5BF195388D20070C39A /* Build configuration list for PBXNativeTarget "PTThirdPlatformKit_Example" */;
			buildPhases = (
				B686730ACC9009BF50DBFE64 /* [CP] Check Pods Manifest.lock */,
				6003F586195388D20070C39A /* Sources */,
				6003F587195388D20070C39A /* Frameworks */,
				6003F588195388D20070C39A /* Resources */,
				E6264CD312B8D0059F8BAD29 /* [CP] Embed Pods Frameworks */,
				6D1D533FD3332DABB3C93DA2 /* [CP] Copy Pods Resources */,
			);
			buildRules = (
			);
			dependencies = (
			);
			name = PTThirdPlatformKit_Example;
			productName = PTThirdPlatformKit;
			productReference = 6003F58A195388D20070C39A /* PTThirdPlatformKit_Example.app */;
			productType = "com.apple.product-type.application";
		};
		6003F5AD195388D20070C39A /* PTThirdPlatformKit_Tests */ = {
			isa = PBXNativeTarget;
			buildConfigurationList = 6003F5C2195388D20070C39A /* Build configuration list for PBXNativeTarget "PTThirdPlatformKit_Tests" */;
			buildPhases = (
				6003F5AA195388D20070C39A /* Sources */,
				6003F5AB195388D20070C39A /* Frameworks */,
				6003F5AC195388D20070C39A /* Resources */,
			);
			buildRules = (
			);
			dependencies = (
				6003F5B4195388D20070C39A /* PBXTargetDependency */,
			);
			name = PTThirdPlatformKit_Tests;
			productName = PTThirdPlatformKitTests;
			productReference = 6003F5AE195388D20070C39A /* PTThirdPlatformKit_Tests.xctest */;
			productType = "com.apple.product-type.bundle.unit-test";
		};
		9C9B1FB01FC18EC4002412D9 /* PTThirdPlatformKit_Example_Developer */ = {
			isa = PBXNativeTarget;
			buildConfigurationList = 9C9B1FC21FC18EC4002412D9 /* Build configuration list for PBXNativeTarget "PTThirdPlatformKit_Example_Developer" */;
			buildPhases = (
				A3047EC052A17A09549A5A5A /* [CP] Check Pods Manifest.lock */,
				9C9B1FB21FC18EC4002412D9 /* Sources */,
				9C9B1FB61FC18EC4002412D9 /* Frameworks */,
				9C9B1FBB1FC18EC4002412D9 /* Resources */,
				C16CA16E5DA96E49C5432A15 /* [CP] Embed Pods Frameworks */,
				C714E6DC13D6E6D76571B8AE /* [CP] Copy Pods Resources */,
			);
			buildRules = (
			);
			dependencies = (
			);
			name = PTThirdPlatformKit_Example_Developer;
			productName = PTThirdPlatformKit;
			productReference = 9C9B1FC51FC18EC4002412D9 /* PTThirdPlatformKit_Example_Developer.app */;
			productType = "com.apple.product-type.application";
		};
/* End PBXNativeTarget section */

/* Begin PBXProject section */
		6003F582195388D10070C39A /* Project object */ = {
			isa = PBXProject;
			attributes = {
				CLASSPREFIX = PT;
				LastUpgradeCheck = 0720;
				ORGANIZATIONNAME = flypigrmvb;
				TargetAttributes = {
					6003F589195388D20070C39A = {
						DevelopmentTeam = KFL3FUXSZB;
					};
					6003F5AD195388D20070C39A = {
						TestTargetID = 6003F589195388D20070C39A;
					};
					9C9B1FB01FC18EC4002412D9 = {
						DevelopmentTeam = KFL3FUXSZB;
					};
				};
			};
			buildConfigurationList = 6003F585195388D10070C39A /* Build configuration list for PBXProject "PTThirdPlatformKit" */;
			compatibilityVersion = "Xcode 3.2";
			developmentRegion = English;
			hasScannedForEncodings = 0;
			knownRegions = (
				en,
				Base,
			);
			mainGroup = 6003F581195388D10070C39A;
			productRefGroup = 6003F58B195388D20070C39A /* Products */;
			projectDirPath = "";
			projectRoot = "";
			targets = (
				6003F589195388D20070C39A /* PTThirdPlatformKit_Example */,
				6003F5AD195388D20070C39A /* PTThirdPlatformKit_Tests */,
				9C9B1FB01FC18EC4002412D9 /* PTThirdPlatformKit_Example_Developer */,
			);
		};
/* End PBXProject section */

/* Begin PBXResourcesBuildPhase section */
		6003F588195388D20070C39A /* Resources */ = {
			isa = PBXResourcesBuildPhase;
			buildActionMask = 2147483647;
			files = (
				873B8AEB1B1F5CCA007FD442 /* Main.storyboard in Resources */,
				71719F9F1E33DC2100824A3D /* LaunchScreen.storyboard in Resources */,
				6003F5A9195388D20070C39A /* Images.xcassets in Resources */,
				6003F598195388D20070C39A /* InfoPlist.strings in Resources */,
			);
			runOnlyForDeploymentPostprocessing = 0;
		};
		6003F5AC195388D20070C39A /* Resources */ = {
			isa = PBXResourcesBuildPhase;
			buildActionMask = 2147483647;
			files = (
				6003F5BA195388D20070C39A /* InfoPlist.strings in Resources */,
			);
			runOnlyForDeploymentPostprocessing = 0;
		};
		9C9B1FBB1FC18EC4002412D9 /* Resources */ = {
			isa = PBXResourcesBuildPhase;
			buildActionMask = 2147483647;
			files = (
				9C9B1FBC1FC18EC4002412D9 /* Main.storyboard in Resources */,
				9C9B1FBD1FC18EC4002412D9 /* LaunchScreen.storyboard in Resources */,
				9C9B1FBE1FC18EC4002412D9 /* Images.xcassets in Resources */,
				9C9B1FBF1FC18EC4002412D9 /* InfoPlist.strings in Resources */,
				9C9B1FC91FC190C6002412D9 /* PTThirdPlatformKit_Developer-Info.plist in Resources */,
			);
			runOnlyForDeploymentPostprocessing = 0;
		};
/* End PBXResourcesBuildPhase section */

/* Begin PBXShellScriptBuildPhase section */
		6D1D533FD3332DABB3C93DA2 /* [CP] Copy Pods Resources */ = {
			isa = PBXShellScriptBuildPhase;
			buildActionMask = 2147483647;
			files = (
			);
			inputPaths = (
				"${SRCROOT}/Pods/Target Support Files/Pods-PTThirdPlatformKit_Example/Pods-PTThirdPlatformKit_Example-resources.sh",
				"${PODS_ROOT}/../../PTThirdPlatformKit/AlipayManager/Frameworks/AlipaySDK/AlipaySDK.bundle",
				"${PODS_ROOT}/WeiboSDK/libWeiboSDK/WeiboSDK.bundle",
			);
			name = "[CP] Copy Pods Resources";
			outputPaths = (
				"${TARGET_BUILD_DIR}/${UNLOCALIZED_RESOURCES_FOLDER_PATH}",
			);
			runOnlyForDeploymentPostprocessing = 0;
			shellPath = /bin/sh;
			shellScript = "\"${SRCROOT}/Pods/Target Support Files/Pods-PTThirdPlatformKit_Example/Pods-PTThirdPlatformKit_Example-resources.sh\"\n";
			showEnvVarsInLog = 0;
		};
		A3047EC052A17A09549A5A5A /* [CP] Check Pods Manifest.lock */ = {
			isa = PBXShellScriptBuildPhase;
			buildActionMask = 2147483647;
			files = (
			);
			inputPaths = (
				"${PODS_PODFILE_DIR_PATH}/Podfile.lock",
				"${PODS_ROOT}/Manifest.lock",
			);
			name = "[CP] Check Pods Manifest.lock";
			outputPaths = (
				"$(DERIVED_FILE_DIR)/Pods-PTThirdPlatformKit_Example-PTThirdPlatformKit_Example_Developer-checkManifestLockResult.txt",
			);
			runOnlyForDeploymentPostprocessing = 0;
			shellPath = /bin/sh;
			shellScript = "diff \"${PODS_PODFILE_DIR_PATH}/Podfile.lock\" \"${PODS_ROOT}/Manifest.lock\" > /dev/null\nif [ $? != 0 ] ; then\n    # print error to STDERR\n    echo \"error: The sandbox is not in sync with the Podfile.lock. Run 'pod install' or update your CocoaPods installation.\" >&2\n    exit 1\nfi\n";
			showEnvVarsInLog = 0;
		};
		B686730ACC9009BF50DBFE64 /* [CP] Check Pods Manifest.lock */ = {
			isa = PBXShellScriptBuildPhase;
			buildActionMask = 2147483647;
			files = (
			);
			inputPaths = (
				"${PODS_PODFILE_DIR_PATH}/Podfile.lock",
				"${PODS_ROOT}/Manifest.lock",
			);
			name = "[CP] Check Pods Manifest.lock";
			outputPaths = (
				"$(DERIVED_FILE_DIR)/Pods-PTThirdPlatformKit_Example-checkManifestLockResult.txt",
			);
			runOnlyForDeploymentPostprocessing = 0;
			shellPath = /bin/sh;
			shellScript = "diff \"${PODS_PODFILE_DIR_PATH}/Podfile.lock\" \"${PODS_ROOT}/Manifest.lock\" > /dev/null\nif [ $? != 0 ] ; then\n    # print error to STDERR\n    echo \"error: The sandbox is not in sync with the Podfile.lock. Run 'pod install' or update your CocoaPods installation.\" >&2\n    exit 1\nfi\n";
			showEnvVarsInLog = 0;
		};
		C16CA16E5DA96E49C5432A15 /* [CP] Embed Pods Frameworks */ = {
			isa = PBXShellScriptBuildPhase;
			buildActionMask = 2147483647;
			files = (
			);
			inputPaths = (
			);
			name = "[CP] Embed Pods Frameworks";
			outputPaths = (
			);
			runOnlyForDeploymentPostprocessing = 0;
			shellPath = /bin/sh;
			shellScript = "\"${SRCROOT}/Pods/Target Support Files/Pods-PTThirdPlatformKit_Example_Developer/Pods-PTThirdPlatformKit_Example_Developer-frameworks.sh\"\n";
			showEnvVarsInLog = 0;
		};
		C714E6DC13D6E6D76571B8AE /* [CP] Copy Pods Resources */ = {
			isa = PBXShellScriptBuildPhase;
			buildActionMask = 2147483647;
			files = (
			);
			inputPaths = (
				"${SRCROOT}/Pods/Target Support Files/Pods-PTThirdPlatformKit_Example-PTThirdPlatformKit_Example_Developer/Pods-PTThirdPlatformKit_Example-PTThirdPlatformKit_Example_Developer-resources.sh",
				"${PODS_ROOT}/../../PTThirdPlatformKit/AlipayManager/Frameworks/AlipaySDK/AlipaySDK.bundle",
				"${PODS_ROOT}/WeiboSDK/libWeiboSDK/WeiboSDK.bundle",
			);
			name = "[CP] Copy Pods Resources";
			outputPaths = (
				"${TARGET_BUILD_DIR}/${UNLOCALIZED_RESOURCES_FOLDER_PATH}",
			);
			runOnlyForDeploymentPostprocessing = 0;
			shellPath = /bin/sh;
			shellScript = "\"${SRCROOT}/Pods/Target Support Files/Pods-PTThirdPlatformKit_Example_Developer/Pods-PTThirdPlatformKit_Example_Developer-resources.sh\"\n";
			showEnvVarsInLog = 0;
		};
		E6264CD312B8D0059F8BAD29 /* [CP] Embed Pods Frameworks */ = {
			isa = PBXShellScriptBuildPhase;
			buildActionMask = 2147483647;
			files = (
			);
			inputPaths = (
			);
			name = "[CP] Embed Pods Frameworks";
			outputPaths = (
			);
			runOnlyForDeploymentPostprocessing = 0;
			shellPath = /bin/sh;
			shellScript = "\"${SRCROOT}/Pods/Target Support Files/Pods-PTThirdPlatformKit_Example/Pods-PTThirdPlatformKit_Example-frameworks.sh\"\n";
			showEnvVarsInLog = 0;
		};
/* End PBXShellScriptBuildPhase section */

/* Begin PBXSourcesBuildPhase section */
		6003F586195388D20070C39A /* Sources */ = {
			isa = PBXSourcesBuildPhase;
			buildActionMask = 2147483647;
			files = (
				6003F59E195388D20070C39A /* PTAppDelegate.m in Sources */,
				9C5E24F81FC296590009BC14 /* PTDingTalkRespManager.m in Sources */,
				6003F5A7195388D20070C39A /* PTViewController.m in Sources */,
				9C5E24F51FC2963C0009BC14 /* PTDingTalkRequestHandler.m in Sources */,
				6003F59A195388D20070C39A /* main.m in Sources */,
				9C5E24F21FC2960B0009BC14 /* PTDingTalkManager.m in Sources */,
			);
			runOnlyForDeploymentPostprocessing = 0;
		};
		6003F5AA195388D20070C39A /* Sources */ = {
			isa = PBXSourcesBuildPhase;
			buildActionMask = 2147483647;
			files = (
				6003F5BC195388D20070C39A /* Tests.m in Sources */,
			);
			runOnlyForDeploymentPostprocessing = 0;
		};
		9C9B1FB21FC18EC4002412D9 /* Sources */ = {
			isa = PBXSourcesBuildPhase;
			buildActionMask = 2147483647;
			files = (
				9C5E24FB1FC296610009BC14 /* PTDingTalkRequestHandler.m in Sources */,
				9C5E24FA1FC2965F0009BC14 /* PTDingTalkManager.m in Sources */,
				9C9B1FB31FC18EC4002412D9 /* PTAppDelegate.m in Sources */,
				9C5E24F91FC2965D0009BC14 /* PTDingTalkRespManager.m in Sources */,
				9C9B1FB41FC18EC4002412D9 /* PTViewController.m in Sources */,
				9C9B1FB51FC18EC4002412D9 /* main.m in Sources */,
			);
			runOnlyForDeploymentPostprocessing = 0;
		};
/* End PBXSourcesBuildPhase section */

/* Begin PBXTargetDependency section */
		6003F5B4195388D20070C39A /* PBXTargetDependency */ = {
			isa = PBXTargetDependency;
			target = 6003F589195388D20070C39A /* PTThirdPlatformKit_Example */;
			targetProxy = 6003F5B3195388D20070C39A /* PBXContainerItemProxy */;
		};
/* End PBXTargetDependency section */

/* Begin PBXVariantGroup section */
		6003F596195388D20070C39A /* InfoPlist.strings */ = {
			isa = PBXVariantGroup;
			children = (
				6003F597195388D20070C39A /* en */,
			);
			name = InfoPlist.strings;
			sourceTree = "<group>";
		};
		6003F5B8195388D20070C39A /* InfoPlist.strings */ = {
			isa = PBXVariantGroup;
			children = (
				6003F5B9195388D20070C39A /* en */,
			);
			name = InfoPlist.strings;
			sourceTree = "<group>";
		};
		71719F9D1E33DC2100824A3D /* LaunchScreen.storyboard */ = {
			isa = PBXVariantGroup;
			children = (
				71719F9E1E33DC2100824A3D /* Base */,
			);
			name = LaunchScreen.storyboard;
			sourceTree = "<group>";
		};
/* End PBXVariantGroup section */

/* Begin XCBuildConfiguration section */
		6003F5BD195388D20070C39A /* Debug */ = {
			isa = XCBuildConfiguration;
			buildSettings = {
				ALWAYS_SEARCH_USER_PATHS = NO;
				CLANG_CXX_LANGUAGE_STANDARD = "gnu++0x";
				CLANG_CXX_LIBRARY = "libc++";
				CLANG_ENABLE_MODULES = YES;
				CLANG_ENABLE_OBJC_ARC = YES;
				CLANG_WARN_BOOL_CONVERSION = YES;
				CLANG_WARN_CONSTANT_CONVERSION = YES;
				CLANG_WARN_DIRECT_OBJC_ISA_USAGE = YES_ERROR;
				CLANG_WARN_EMPTY_BODY = YES;
				CLANG_WARN_ENUM_CONVERSION = YES;
				CLANG_WARN_INT_CONVERSION = YES;
				CLANG_WARN_OBJC_ROOT_CLASS = YES_ERROR;
				CLANG_WARN__DUPLICATE_METHOD_MATCH = YES;
				"CODE_SIGN_IDENTITY[sdk=iphoneos*]" = "iPhone Developer";
				COPY_PHASE_STRIP = NO;
				ENABLE_TESTABILITY = YES;
				GCC_C_LANGUAGE_STANDARD = gnu99;
				GCC_DYNAMIC_NO_PIC = NO;
				GCC_OPTIMIZATION_LEVEL = 0;
				GCC_PREPROCESSOR_DEFINITIONS = (
					"DEBUG=1",
					"$(inherited)",
				);
				GCC_SYMBOLS_PRIVATE_EXTERN = NO;
				GCC_WARN_64_TO_32_BIT_CONVERSION = YES;
				GCC_WARN_ABOUT_RETURN_TYPE = YES_ERROR;
				GCC_WARN_UNDECLARED_SELECTOR = YES;
				GCC_WARN_UNINITIALIZED_AUTOS = YES_AGGRESSIVE;
				GCC_WARN_UNUSED_FUNCTION = YES;
				GCC_WARN_UNUSED_VARIABLE = YES;
				IPHONEOS_DEPLOYMENT_TARGET = 9.3;
				ONLY_ACTIVE_ARCH = YES;
				SDKROOT = iphoneos;
				TARGETED_DEVICE_FAMILY = "1,2";
			};
			name = Debug;
		};
		6003F5BE195388D20070C39A /* Release */ = {
			isa = XCBuildConfiguration;
			buildSettings = {
				ALWAYS_SEARCH_USER_PATHS = NO;
				CLANG_CXX_LANGUAGE_STANDARD = "gnu++0x";
				CLANG_CXX_LIBRARY = "libc++";
				CLANG_ENABLE_MODULES = YES;
				CLANG_ENABLE_OBJC_ARC = YES;
				CLANG_WARN_BOOL_CONVERSION = YES;
				CLANG_WARN_CONSTANT_CONVERSION = YES;
				CLANG_WARN_DIRECT_OBJC_ISA_USAGE = YES_ERROR;
				CLANG_WARN_EMPTY_BODY = YES;
				CLANG_WARN_ENUM_CONVERSION = YES;
				CLANG_WARN_INT_CONVERSION = YES;
				CLANG_WARN_OBJC_ROOT_CLASS = YES_ERROR;
				CLANG_WARN__DUPLICATE_METHOD_MATCH = YES;
				"CODE_SIGN_IDENTITY[sdk=iphoneos*]" = "iPhone Developer";
				COPY_PHASE_STRIP = YES;
				ENABLE_NS_ASSERTIONS = NO;
				GCC_C_LANGUAGE_STANDARD = gnu99;
				GCC_WARN_64_TO_32_BIT_CONVERSION = YES;
				GCC_WARN_ABOUT_RETURN_TYPE = YES_ERROR;
				GCC_WARN_UNDECLARED_SELECTOR = YES;
				GCC_WARN_UNINITIALIZED_AUTOS = YES_AGGRESSIVE;
				GCC_WARN_UNUSED_FUNCTION = YES;
				GCC_WARN_UNUSED_VARIABLE = YES;
				IPHONEOS_DEPLOYMENT_TARGET = 9.3;
				SDKROOT = iphoneos;
				TARGETED_DEVICE_FAMILY = "1,2";
				VALIDATE_PRODUCT = YES;
			};
			name = Release;
		};
		6003F5C0195388D20070C39A /* Debug */ = {
			isa = XCBuildConfiguration;
			baseConfigurationReference = CDF5EC14B3EB27858D9818D4 /* Pods-PTThirdPlatformKit_Example.debug.xcconfig */;
			buildSettings = {
				ASSETCATALOG_COMPILER_APPICON_NAME = AppIcon;
				DEVELOPMENT_TEAM = KFL3FUXSZB;
				FRAMEWORK_SEARCH_PATHS = (
					"$(inherited)",
					"$(PROJECT_DIR)/PTThirdPlatformKit/CustomInjectPlatform/DingTalk",
				);
				GCC_PRECOMPILE_PREFIX_HEADER = YES;
				GCC_PREFIX_HEADER = "PTThirdPlatformKit/PTThirdPlatformKit-Prefix.pch";
				INFOPLIST_FILE = "PTThirdPlatformKit/PTThirdPlatformKit-Info.plist";
				IPHONEOS_DEPLOYMENT_TARGET = 8.0;
				MODULE_NAME = ExampleApp;
				OTHER_LDFLAGS = (
					"$(inherited)",
					"-ObjC",
					"-l\"PTTestKit\"",
					"-l\"PTThirdPlatformKit\"",
					"-l\"SDWebImage\"",
					"-l\"WeChatSDK\"",
					"-l\"WeiboSDK\"",
					"-l\"c++\"",
					"-l\"sqlite3\"",
					"-l\"sqlite3.0\"",
					"-l\"stdc++.6\"",
					"-l\"xml2\"",
					"-l\"z\"",
					"-framework",
					"\"AlipaySDK\"",
					"-framework",
					"\"CFNetwork\"",
					"-framework",
					"\"CoreGraphics\"",
					"-framework",
					"\"CoreMotion\"",
					"-framework",
					"\"CoreTelephony\"",
					"-framework",
					"\"CoreText\"",
					"-framework",
					"\"Foundation\"",
					"-framework",
					"\"ImageIO\"",
					"-framework",
					"\"QuartzCore\"",
					"-framework",
					"\"Security\"",
					"-framework",
					"\"SystemConfiguration\"",
					"-framework",
					"\"TencentOpenAPI\"",
					"-framework",
					"\"UIKit\"",
					"-all_load",
				);
				PRODUCT_BUNDLE_IDENTIFIER = "org.cocoapods.demo.${PRODUCT_NAME:rfc1034identifier}";
				PRODUCT_NAME = "$(TARGET_NAME)";
				WRAPPER_EXTENSION = app;
			};
			name = Debug;
		};
		6003F5C1195388D20070C39A /* Release */ = {
			isa = XCBuildConfiguration;
			baseConfigurationReference = 9A5A10279B30A25991187B2F /* Pods-PTThirdPlatformKit_Example.release.xcconfig */;
			buildSettings = {
				ASSETCATALOG_COMPILER_APPICON_NAME = AppIcon;
				DEVELOPMENT_TEAM = KFL3FUXSZB;
				FRAMEWORK_SEARCH_PATHS = (
					"$(inherited)",
					"$(PROJECT_DIR)/PTThirdPlatformKit/CustomInjectPlatform/DingTalk",
				);
				GCC_PRECOMPILE_PREFIX_HEADER = YES;
				GCC_PREFIX_HEADER = "PTThirdPlatformKit/PTThirdPlatformKit-Prefix.pch";
				INFOPLIST_FILE = "PTThirdPlatformKit/PTThirdPlatformKit-Info.plist";
				IPHONEOS_DEPLOYMENT_TARGET = 8.0;
				MODULE_NAME = ExampleApp;
				OTHER_LDFLAGS = (
					"$(inherited)",
					"-ObjC",
					"-l\"PTTestKit\"",
					"-l\"PTThirdPlatformKit\"",
					"-l\"SDWebImage\"",
					"-l\"WeChatSDK\"",
					"-l\"WeiboSDK\"",
					"-l\"c++\"",
					"-l\"sqlite3\"",
					"-l\"sqlite3.0\"",
					"-l\"stdc++.6\"",
					"-l\"xml2\"",
					"-l\"z\"",
					"-framework",
					"\"AlipaySDK\"",
					"-framework",
					"\"CFNetwork\"",
					"-framework",
					"\"CoreGraphics\"",
					"-framework",
					"\"CoreMotion\"",
					"-framework",
					"\"CoreTelephony\"",
					"-framework",
					"\"CoreText\"",
					"-framework",
					"\"Foundation\"",
					"-framework",
					"\"ImageIO\"",
					"-framework",
					"\"QuartzCore\"",
					"-framework",
					"\"Security\"",
					"-framework",
					"\"SystemConfiguration\"",
					"-framework",
					"\"TencentOpenAPI\"",
					"-framework",
					"\"UIKit\"",
					"-all_load",
				);
				PRODUCT_BUNDLE_IDENTIFIER = "org.cocoapods.demo.${PRODUCT_NAME:rfc1034identifier}";
				PRODUCT_NAME = "$(TARGET_NAME)";
				WRAPPER_EXTENSION = app;
			};
			name = Release;
		};
		6003F5C3195388D20070C39A /* Debug */ = {
			isa = XCBuildConfiguration;
			buildSettings = {
				BUNDLE_LOADER = "$(TEST_HOST)";
				FRAMEWORK_SEARCH_PATHS = (
					"$(SDKROOT)/Developer/Library/Frameworks",
					"$(inherited)",
					"$(DEVELOPER_FRAMEWORKS_DIR)",
				);
				GCC_PRECOMPILE_PREFIX_HEADER = YES;
				GCC_PREFIX_HEADER = "Tests/Tests-Prefix.pch";
				GCC_PREPROCESSOR_DEFINITIONS = (
					"DEBUG=1",
					"$(inherited)",
				);
				INFOPLIST_FILE = "Tests/Tests-Info.plist";
				PRODUCT_BUNDLE_IDENTIFIER = "org.cocoapods.demo.${PRODUCT_NAME:rfc1034identifier}";
				PRODUCT_NAME = "$(TARGET_NAME)";
				TEST_HOST = "$(BUILT_PRODUCTS_DIR)/PTThirdPlatformKit_Example.app/PTThirdPlatformKit_Example";
				WRAPPER_EXTENSION = xctest;
			};
			name = Debug;
		};
		6003F5C4195388D20070C39A /* Release */ = {
			isa = XCBuildConfiguration;
			buildSettings = {
				BUNDLE_LOADER = "$(TEST_HOST)";
				FRAMEWORK_SEARCH_PATHS = (
					"$(SDKROOT)/Developer/Library/Frameworks",
					"$(inherited)",
					"$(DEVELOPER_FRAMEWORKS_DIR)",
				);
				GCC_PRECOMPILE_PREFIX_HEADER = YES;
				GCC_PREFIX_HEADER = "Tests/Tests-Prefix.pch";
				INFOPLIST_FILE = "Tests/Tests-Info.plist";
				PRODUCT_BUNDLE_IDENTIFIER = "org.cocoapods.demo.${PRODUCT_NAME:rfc1034identifier}";
				PRODUCT_NAME = "$(TARGET_NAME)";
				TEST_HOST = "$(BUILT_PRODUCTS_DIR)/PTThirdPlatformKit_Example.app/PTThirdPlatformKit_Example";
				WRAPPER_EXTENSION = xctest;
			};
			name = Release;
		};
		9C9B1FC31FC18EC4002412D9 /* Debug */ = {
			isa = XCBuildConfiguration;
			baseConfigurationReference = 76D19AB998D44E7997B655EC /* Pods-PTThirdPlatformKit_Example_Developer.debug.xcconfig */;
			buildSettings = {
				ASSETCATALOG_COMPILER_APPICON_NAME = AppIcon;
				DEVELOPMENT_TEAM = KFL3FUXSZB;
				FRAMEWORK_SEARCH_PATHS = (
					"$(inherited)",
					"$(PROJECT_DIR)/PTThirdPlatformKit/CustomInjectPlatform/DingTalk",
				);
				GCC_PRECOMPILE_PREFIX_HEADER = YES;
				GCC_PREFIX_HEADER = "PTThirdPlatformKit/PTThirdPlatformKit-Prefix.pch";
				GCC_PREPROCESSOR_DEFINITIONS = (
					"$(inherited)",
					"COCOAPODS=1",
					"PT_DEVELOPER=1",
				);
				INFOPLIST_FILE = "PTThirdPlatformKit/PTThirdPlatformKit_Developer-Info.plist";
				IPHONEOS_DEPLOYMENT_TARGET = 8.0;
				MODULE_NAME = ExampleApp;
				OTHER_LDFLAGS = (
					"$(inherited)",
					"-ObjC",
					"-l\"PTTestKit\"",
					"-l\"PTThirdPlatformKit\"",
					"-l\"SDWebImage\"",
					"-l\"WeChatSDK\"",
					"-l\"WeiboSDK\"",
					"-l\"c++\"",
					"-l\"sqlite3\"",
					"-l\"sqlite3.0\"",
					"-l\"stdc++.6\"",
					"-l\"xml2\"",
					"-l\"z\"",
					"-framework",
					"\"AlipaySDK\"",
					"-framework",
					"\"CFNetwork\"",
					"-framework",
					"\"CoreGraphics\"",
					"-framework",
					"\"CoreMotion\"",
					"-framework",
					"\"CoreTelephony\"",
					"-framework",
					"\"CoreText\"",
					"-framework",
					"\"Foundation\"",
					"-framework",
					"\"ImageIO\"",
					"-framework",
					"\"QuartzCore\"",
					"-framework",
					"\"Security\"",
					"-framework",
					"\"SystemConfiguration\"",
					"-framework",
					"\"TencentOpenAPI\"",
					"-framework",
					"\"UIKit\"",
					"-all_load",
				);
				PRODUCT_BUNDLE_IDENTIFIER = "org.cocoapods.demo.${PRODUCT_NAME:rfc1034identifier}";
				PRODUCT_NAME = "$(TARGET_NAME)";
				PT_Developer = YES;
				WRAPPER_EXTENSION = app;
			};
			name = Debug;
		};
		9C9B1FC41FC18EC4002412D9 /* Release */ = {
			isa = XCBuildConfiguration;
			baseConfigurationReference = EEADE74070FD2397E6B0FEC8 /* Pods-PTThirdPlatformKit_Example_Developer.release.xcconfig */;
			buildSettings = {
				ASSETCATALOG_COMPILER_APPICON_NAME = AppIcon;
				DEVELOPMENT_TEAM = KFL3FUXSZB;
				FRAMEWORK_SEARCH_PATHS = (
					"$(inherited)",
					"$(PROJECT_DIR)/PTThirdPlatformKit/CustomInjectPlatform/DingTalk",
				);
				GCC_PRECOMPILE_PREFIX_HEADER = YES;
				GCC_PREFIX_HEADER = "PTThirdPlatformKit/PTThirdPlatformKit-Prefix.pch";
				GCC_PREPROCESSOR_DEFINITIONS = (
					"$(inherited)",
					"COCOAPODS=1",
					"PT_DEVELOPER=1",
				);
				INFOPLIST_FILE = "PTThirdPlatformKit/PTThirdPlatformKit_Developer-Info.plist";
				IPHONEOS_DEPLOYMENT_TARGET = 8.0;
				MODULE_NAME = ExampleApp;
				OTHER_LDFLAGS = (
					"$(inherited)",
					"-ObjC",
					"-l\"PTTestKit\"",
					"-l\"PTThirdPlatformKit\"",
					"-l\"SDWebImage\"",
					"-l\"WeChatSDK\"",
					"-l\"WeiboSDK\"",
					"-l\"c++\"",
					"-l\"sqlite3\"",
					"-l\"sqlite3.0\"",
					"-l\"stdc++.6\"",
					"-l\"xml2\"",
					"-l\"z\"",
					"-framework",
					"\"AlipaySDK\"",
					"-framework",
					"\"CFNetwork\"",
					"-framework",
					"\"CoreGraphics\"",
					"-framework",
					"\"CoreMotion\"",
					"-framework",
					"\"CoreTelephony\"",
					"-framework",
					"\"CoreText\"",
					"-framework",
					"\"Foundation\"",
					"-framework",
					"\"ImageIO\"",
					"-framework",
					"\"QuartzCore\"",
					"-framework",
					"\"Security\"",
					"-framework",
					"\"SystemConfiguration\"",
					"-framework",
					"\"TencentOpenAPI\"",
					"-framework",
					"\"UIKit\"",
					"-all_load",
				);
				PRODUCT_BUNDLE_IDENTIFIER = "org.cocoapods.demo.${PRODUCT_NAME:rfc1034identifier}";
				PRODUCT_NAME = "$(TARGET_NAME)";
				PT_Developer = YES;
				WRAPPER_EXTENSION = app;
			};
			name = Release;
		};
/* End XCBuildConfiguration section */

/* Begin XCConfigurationList section */
		6003F585195388D10070C39A /* Build configuration list for PBXProject "PTThirdPlatformKit" */ = {
			isa = XCConfigurationList;
			buildConfigurations = (
				6003F5BD195388D20070C39A /* Debug */,
				6003F5BE195388D20070C39A /* Release */,
			);
			defaultConfigurationIsVisible = 0;
			defaultConfigurationName = Release;
		};
		6003F5BF195388D20070C39A /* Build configuration list for PBXNativeTarget "PTThirdPlatformKit_Example" */ = {
			isa = XCConfigurationList;
			buildConfigurations = (
				6003F5C0195388D20070C39A /* Debug */,
				6003F5C1195388D20070C39A /* Release */,
			);
			defaultConfigurationIsVisible = 0;
			defaultConfigurationName = Release;
		};
		6003F5C2195388D20070C39A /* Build configuration list for PBXNativeTarget "PTThirdPlatformKit_Tests" */ = {
			isa = XCConfigurationList;
			buildConfigurations = (
				6003F5C3195388D20070C39A /* Debug */,
				6003F5C4195388D20070C39A /* Release */,
			);
			defaultConfigurationIsVisible = 0;
			defaultConfigurationName = Release;
		};
		9C9B1FC21FC18EC4002412D9 /* Build configuration list for PBXNativeTarget "PTThirdPlatformKit_Example_Developer" */ = {
			isa = XCConfigurationList;
			buildConfigurations = (
				9C9B1FC31FC18EC4002412D9 /* Debug */,
				9C9B1FC41FC18EC4002412D9 /* Release */,
			);
			defaultConfigurationIsVisible = 0;
			defaultConfigurationName = Release;
		};
/* End XCConfigurationList section */
	};
	rootObject = 6003F582195388D10070C39A /* Project object */;
}
